
Microsoft Visual Studio Solution File, Format Version 12.00
# Visual Studio Version 16
VisualStudioVersion = 17.0.31611.283
MinimumVisualStudioVersion = 10.0.40219.1
Project("{9A19103F-16F7-4668-BE54-9A1E7A4F7556}") = "ProjectStartup", "ProjectStartup\ProjectStartup.csproj", "{893E55C0-D639-4F5C-BB51-5C602804D86A}"
EndProject
Project("{2150E333-8FDC-42A3-9474-1A3956D46DE8}") = "Solution", "Solution", "{3FD7B9DA-9EBD-451B-AEEE-BA41E9024A94}"
	ProjectSection(SolutionItems) = preProject
		..\.gitignore = ..\.gitignore
		..\LICENSE = ..\LICENSE
		..\README.md = ..\README.md
	EndProjectSection
EndProject
Project("{2150E333-8FDC-42A3-9474-1A3956D46DE8}") = "workflows", "workflows", "{0128672D-F87A-4220-BD92-EC6048816D50}"
	ProjectSection(SolutionItems) = preProject
		..\.github\workflows\pull-request.yml = ..\.github\workflows\pull-request.yml
	EndProjectSection
EndProject
Global
	GlobalSection(SolutionConfigurationPlatforms) = preSolution
		Debug|Any CPU = Debug|Any CPU
		Release|Any CPU = Release|Any CPU
	EndGlobalSection
	GlobalSection(ProjectConfigurationPlatforms) = postSolution
		{893E55C0-D639-4F5C-BB51-5C602804D86A}.Debug|Any CPU.ActiveCfg = Debug|Any CPU
		{893E55C0-D639-4F5C-BB51-5C602804D86A}.Debug|Any CPU.Build.0 = Debug|Any CPU
		{893E55C0-D639-4F5C-BB51-5C602804D86A}.Debug|Any CPU.Deploy.0 = Debug|Any CPU
		{893E55C0-D639-4F5C-BB51-5C602804D86A}.Release|Any CPU.ActiveCfg = Release|Any CPU
		{893E55C0-D639-4F5C-BB51-5C602804D86A}.Release|Any CPU.Build.0 = Release|Any CPU
		{893E55C0-D639-4F5C-BB51-5C602804D86A}.Release|Any CPU.Deploy.0 = Release|Any CPU
	EndGlobalSection
	GlobalSection(SolutionProperties) = preSolution
		HideSolutionNode = FALSE
	EndGlobalSection
	GlobalSection(ExtensibilityGlobals) = postSolution
		SolutionGuid = {61F7FB11-1E47-470C-91E2-47F8143E1572}
	EndGlobalSection
	GlobalSection(NestedProjects) = preSolution
		{0128672D-F87A-4220-BD92-EC6048816D50} = {3FD7B9DA-9EBD-451B-AEEE-BA41E9024A94}
	EndGlobalSection
EndGlobal
